
Microsoft Visual Studio Solution File, Format Version 12.00
# Visual Studio Version 17
VisualStudioVersion = 17.2.32616.157
MinimumVisualStudioVersion = 10.0.40219.1
Project("{FAE04EC0-301F-11D3-BF4B-00C04F79EFBC}") = "CountChars", "CountChars\CountChars.csproj", "{B0F4C8E5-13B1-4BB6-AA2C-AC048AAEBF50}"
EndProject
Global
	GlobalSection(SolutionConfigurationPlatforms) = preSolution
		Debug|Any CPU = Debug|Any CPU
		Release|Any CPU = Release|Any CPU
	EndGlobalSection
	GlobalSection(ProjectConfigurationPlatforms) = postSolution
		{B0F4C8E5-13B1-4BB6-AA2C-AC048AAEBF50}.Debug|Any CPU.ActiveCfg = Debug|Any CPU
		{B0F4C8E5-13B1-4BB6-AA2C-AC048AAEBF50}.Debug|Any CPU.Build.0 = Debug|Any CPU
		{B0F4C8E5-13B1-4BB6-AA2C-AC048AAEBF50}.Release|Any CPU.ActiveCfg = Release|Any CPU
		{B0F4C8E5-13B1-4BB6-AA2C-AC048AAEBF50}.Release|Any CPU.Build.0 = Release|Any CPU
	EndGlobalSection
	GlobalSection(SolutionProperties) = preSolution
		HideSolutionNode = FALSE
	EndGlobalSection
	GlobalSection(ExtensibilityGlobals) = postSolution
		SolutionGuid = {1338884A-C0E9-4169-8514-D855DFA9ADC9}
	EndGlobalSection
EndGlobal
