
Microsoft Visual Studio Solution File, Format Version 12.00
# Visual Studio Version 17
VisualStudioVersion = 17.2.32616.157
MinimumVisualStudioVersion = 10.0.40219.1
Project("{FAE04EC0-301F-11D3-BF4B-00C04F79EFBC}") = "JsonConvertUtenDatabase", "JsonConvertUtenDatabase\JsonConvertUtenDatabase.csproj", "{3114DE32-D10F-4D73-B7A7-13ED2B6FA42B}"
EndProject
Global
	GlobalSection(SolutionConfigurationPlatforms) = preSolution
		Debug|Any CPU = Debug|Any CPU
		Release|Any CPU = Release|Any CPU
	EndGlobalSection
	GlobalSection(ProjectConfigurationPlatforms) = postSolution
		{3114DE32-D10F-4D73-B7A7-13ED2B6FA42B}.Debug|Any CPU.ActiveCfg = Debug|Any CPU
		{3114DE32-D10F-4D73-B7A7-13ED2B6FA42B}.Debug|Any CPU.Build.0 = Debug|Any CPU
		{3114DE32-D10F-4D73-B7A7-13ED2B6FA42B}.Release|Any CPU.ActiveCfg = Release|Any CPU
		{3114DE32-D10F-4D73-B7A7-13ED2B6FA42B}.Release|Any CPU.Build.0 = Release|Any CPU
	EndGlobalSection
	GlobalSection(SolutionProperties) = preSolution
		HideSolutionNode = FALSE
	EndGlobalSection
	GlobalSection(ExtensibilityGlobals) = postSolution
		SolutionGuid = {FBE906BC-645D-4708-BE21-85E2FF7BD2FF}
	EndGlobalSection
EndGlobal
