
Microsoft Visual Studio Solution File, Format Version 12.00
# Visual Studio Version 17
VisualStudioVersion = 17.2.32616.157
MinimumVisualStudioVersion = 10.0.40219.1
Project("{FAE04EC0-301F-11D3-BF4B-00C04F79EFBC}") = "MovieLibrary", "MovieLibrary\MovieLibrary.csproj", "{2A37903E-0C96-4FDD-960B-3F38F91C70A5}"
EndProject
Global
	GlobalSection(SolutionConfigurationPlatforms) = preSolution
		Debug|Any CPU = Debug|Any CPU
		Release|Any CPU = Release|Any CPU
	EndGlobalSection
	GlobalSection(ProjectConfigurationPlatforms) = postSolution
		{2A37903E-0C96-4FDD-960B-3F38F91C70A5}.Debug|Any CPU.ActiveCfg = Debug|Any CPU
		{2A37903E-0C96-4FDD-960B-3F38F91C70A5}.Debug|Any CPU.Build.0 = Debug|Any CPU
		{2A37903E-0C96-4FDD-960B-3F38F91C70A5}.Release|Any CPU.ActiveCfg = Release|Any CPU
		{2A37903E-0C96-4FDD-960B-3F38F91C70A5}.Release|Any CPU.Build.0 = Release|Any CPU
	EndGlobalSection
	GlobalSection(SolutionProperties) = preSolution
		HideSolutionNode = FALSE
	EndGlobalSection
	GlobalSection(ExtensibilityGlobals) = postSolution
		SolutionGuid = {B19F5712-2C78-4FB6-9C64-862CCD02DA1C}
	EndGlobalSection
EndGlobal
