
Microsoft Visual Studio Solution File, Format Version 12.00
# Visual Studio Version 17
VisualStudioVersion = 17.3.32929.385
MinimumVisualStudioVersion = 10.0.40219.1
Project("{FAE04EC0-301F-11D3-BF4B-00C04F79EFBC}") = "UserRegistration", "UserRegistration\UserRegistration.csproj", "{B0C04347-D468-452D-BE09-5FE1C6AA3E94}"
EndProject
Global
	GlobalSection(SolutionConfigurationPlatforms) = preSolution
		Debug|Any CPU = Debug|Any CPU
		Release|Any CPU = Release|Any CPU
	EndGlobalSection
	GlobalSection(ProjectConfigurationPlatforms) = postSolution
		{B0C04347-D468-452D-BE09-5FE1C6AA3E94}.Debug|Any CPU.ActiveCfg = Debug|Any CPU
		{B0C04347-D468-452D-BE09-5FE1C6AA3E94}.Debug|Any CPU.Build.0 = Debug|Any CPU
		{B0C04347-D468-452D-BE09-5FE1C6AA3E94}.Release|Any CPU.ActiveCfg = Release|Any CPU
		{B0C04347-D468-452D-BE09-5FE1C6AA3E94}.Release|Any CPU.Build.0 = Release|Any CPU
	EndGlobalSection
	GlobalSection(SolutionProperties) = preSolution
		HideSolutionNode = FALSE
	EndGlobalSection
	GlobalSection(ExtensibilityGlobals) = postSolution
		SolutionGuid = {B77A02EB-CE42-493E-BD2C-2372E46B042C}
	EndGlobalSection
EndGlobal
