
Microsoft Visual Studio Solution File, Format Version 12.00
# Visual Studio Version 17
VisualStudioVersion = 17.2.32616.157
MinimumVisualStudioVersion = 10.0.40219.1
Project("{FAE04EC0-301F-11D3-BF4B-00C04F79EFBC}") = "socialMedia", "socialMedia\socialMedia.csproj", "{696E4FDD-8425-489B-B2F6-6724C5939B12}"
EndProject
Global
	GlobalSection(SolutionConfigurationPlatforms) = preSolution
		Debug|Any CPU = Debug|Any CPU
		Release|Any CPU = Release|Any CPU
	EndGlobalSection
	GlobalSection(ProjectConfigurationPlatforms) = postSolution
		{696E4FDD-8425-489B-B2F6-6724C5939B12}.Debug|Any CPU.ActiveCfg = Debug|Any CPU
		{696E4FDD-8425-489B-B2F6-6724C5939B12}.Debug|Any CPU.Build.0 = Debug|Any CPU
		{696E4FDD-8425-489B-B2F6-6724C5939B12}.Release|Any CPU.ActiveCfg = Release|Any CPU
		{696E4FDD-8425-489B-B2F6-6724C5939B12}.Release|Any CPU.Build.0 = Release|Any CPU
	EndGlobalSection
	GlobalSection(SolutionProperties) = preSolution
		HideSolutionNode = FALSE
	EndGlobalSection
	GlobalSection(ExtensibilityGlobals) = postSolution
		SolutionGuid = {37FA72AC-3273-41F3-AB6F-07DF4995B461}
	EndGlobalSection
EndGlobal
