
Microsoft Visual Studio Solution File, Format Version 12.00
# Visual Studio Version 17
VisualStudioVersion = 17.2.32616.157
MinimumVisualStudioVersion = 10.0.40219.1
Project("{FAE04EC0-301F-11D3-BF4B-00C04F79EFBC}") = "numberGuesser", "numberGuesser\numberGuesser.csproj", "{7E6821E9-E00B-4551-A667-C1E8FA26916C}"
EndProject
Global
	GlobalSection(SolutionConfigurationPlatforms) = preSolution
		Debug|Any CPU = Debug|Any CPU
		Release|Any CPU = Release|Any CPU
	EndGlobalSection
	GlobalSection(ProjectConfigurationPlatforms) = postSolution
		{7E6821E9-E00B-4551-A667-C1E8FA26916C}.Debug|Any CPU.ActiveCfg = Debug|Any CPU
		{7E6821E9-E00B-4551-A667-C1E8FA26916C}.Debug|Any CPU.Build.0 = Debug|Any CPU
		{7E6821E9-E00B-4551-A667-C1E8FA26916C}.Release|Any CPU.ActiveCfg = Release|Any CPU
		{7E6821E9-E00B-4551-A667-C1E8FA26916C}.Release|Any CPU.Build.0 = Release|Any CPU
	EndGlobalSection
	GlobalSection(SolutionProperties) = preSolution
		HideSolutionNode = FALSE
	EndGlobalSection
	GlobalSection(ExtensibilityGlobals) = postSolution
		SolutionGuid = {3CE7BFDB-1343-449A-9440-8FF6E4CA2451}
	EndGlobalSection
EndGlobal
